
Microsoft Visual Studio Solution File, Format Version 12.00
# Visual Studio Version 17
VisualStudioVersion = 17.0.32014.148
MinimumVisualStudioVersion = 10.0.40219.1
Project("{FAE04EC0-301F-11D3-BF4B-00C04F79EFBC}") = "Desafio", "Desafio\Desafio.csproj", "{12FC40C0-DA82-4A7E-B918-7BCCF8EFF6BC}"
EndProject
Project("{FAE04EC0-301F-11D3-BF4B-00C04F79EFBC}") = "Models", "Models\Models.csproj", "{39D885E5-1B04-43EA-802B-81ED98FBDC89}"
EndProject
Project("{FAE04EC0-301F-11D3-BF4B-00C04F79EFBC}") = "Services", "Services\Services.csproj", "{0EF27D98-326D-4536-B5D3-E4A9215D29C9}"
EndProject
Global
	GlobalSection(SolutionConfigurationPlatforms) = preSolution
		Debug|Any CPU = Debug|Any CPU
		Release|Any CPU = Release|Any CPU
	EndGlobalSection
	GlobalSection(ProjectConfigurationPlatforms) = postSolution
		{12FC40C0-DA82-4A7E-B918-7BCCF8EFF6BC}.Debug|Any CPU.ActiveCfg = Debug|Any CPU
		{12FC40C0-DA82-4A7E-B918-7BCCF8EFF6BC}.Debug|Any CPU.Build.0 = Debug|Any CPU
		{12FC40C0-DA82-4A7E-B918-7BCCF8EFF6BC}.Release|Any CPU.ActiveCfg = Release|Any CPU
		{12FC40C0-DA82-4A7E-B918-7BCCF8EFF6BC}.Release|Any CPU.Build.0 = Release|Any CPU
		{39D885E5-1B04-43EA-802B-81ED98FBDC89}.Debug|Any CPU.ActiveCfg = Debug|Any CPU
		{39D885E5-1B04-43EA-802B-81ED98FBDC89}.Debug|Any CPU.Build.0 = Debug|Any CPU
		{39D885E5-1B04-43EA-802B-81ED98FBDC89}.Release|Any CPU.ActiveCfg = Release|Any CPU
		{39D885E5-1B04-43EA-802B-81ED98FBDC89}.Release|Any CPU.Build.0 = Release|Any CPU
		{0EF27D98-326D-4536-B5D3-E4A9215D29C9}.Debug|Any CPU.ActiveCfg = Debug|Any CPU
		{0EF27D98-326D-4536-B5D3-E4A9215D29C9}.Debug|Any CPU.Build.0 = Debug|Any CPU
		{0EF27D98-326D-4536-B5D3-E4A9215D29C9}.Release|Any CPU.ActiveCfg = Release|Any CPU
		{0EF27D98-326D-4536-B5D3-E4A9215D29C9}.Release|Any CPU.Build.0 = Release|Any CPU
	EndGlobalSection
	GlobalSection(SolutionProperties) = preSolution
		HideSolutionNode = FALSE
	EndGlobalSection
	GlobalSection(ExtensibilityGlobals) = postSolution
		SolutionGuid = {6013AECC-82F5-4880-BFB7-A5EE1A34BB3F}
	EndGlobalSection
EndGlobal
